
Microsoft Visual Studio Solution File, Format Version 12.00
# Visual Studio Version 16
VisualStudioVersion = 16.0.29926.136
MinimumVisualStudioVersion = 10.0.40219.1
Project("{FAE04EC0-301F-11D3-BF4B-00C04F79EFBC}") = "TP1_Marcati", "TP1_Marcati\TP1_Marcati.csproj", "{5E3F4AED-3FF6-4DAD-89BB-C5FB39D01AF7}"
EndProject
Global
	GlobalSection(SolutionConfigurationPlatforms) = preSolution
		Debug|Any CPU = Debug|Any CPU
		Release|Any CPU = Release|Any CPU
	EndGlobalSection
	GlobalSection(ProjectConfigurationPlatforms) = postSolution
		{5E3F4AED-3FF6-4DAD-89BB-C5FB39D01AF7}.Debug|Any CPU.ActiveCfg = Debug|Any CPU
		{5E3F4AED-3FF6-4DAD-89BB-C5FB39D01AF7}.Debug|Any CPU.Build.0 = Debug|Any CPU
		{5E3F4AED-3FF6-4DAD-89BB-C5FB39D01AF7}.Release|Any CPU.ActiveCfg = Release|Any CPU
		{5E3F4AED-3FF6-4DAD-89BB-C5FB39D01AF7}.Release|Any CPU.Build.0 = Release|Any CPU
	EndGlobalSection
	GlobalSection(SolutionProperties) = preSolution
		HideSolutionNode = FALSE
	EndGlobalSection
	GlobalSection(ExtensibilityGlobals) = postSolution
		SolutionGuid = {757F1100-9F6E-4139-86ED-A4B5CBA43EEE}
	EndGlobalSection
EndGlobal
